{
  "version": "v1",
  "packages": {
    "@flowda-projects/flowda-gateway-trpc-server": {
      "signature": "41d871d0c1e54638ea2829b1eefee82a",
      "link": true
    },
    "@anatine/zod-openapi": {
      "signature": "8bd1f59823bd9a4c176bd6cdb5f0e5ca",
      "file": true
    },
    "zod-prisma-types": {
      "signature": "0317de628856d603350f929af37ad6e7",
      "file": true,
      "replaced": "link:../zod-prisma-types/packages/generator"
    }
  }
}