{
  "version": "v1",
  "packages": {
    "@flowda-projects/flowda-gateway-trpc-server": {
      "signature": "b99c21e633124c9c3f8a04e125ffd0ee",
      "link": true
    },
    "@flowda-projects/flowda-shared-types": {
      "signature": "209ac8ded566875bf5a2df6c801b6bb2",
      "link": true
    },
    "@prisma/client-flowda": {
      "signature": "c9d764e63193636f8240af19fed9972f",
      "link": true
    },
    "zod-openapi": {
      "signature": "1e78bb8283957533a4d5d54309e0e78a",
      "file": true
    },
    "zod-prisma-types": {
      "signature": "2ed2a10b0eab9804c104160b617ef366",
      "file": true
    }
  }
}