{
  "version": "v1",
  "packages": {
    "@flowda-projects/flowda-gateway-trpc-server": {
      "signature": "b99c21e633124c9c3f8a04e125ffd0ee",
      "link": true
    },
    "@flowda-projects/flowda-shared-types": {
      "signature": "209ac8ded566875bf5a2df6c801b6bb2",
      "link": true
    },
    "zod-prisma-types": {
      "signature": "7544d5626d6dbbdcd73d74fe884bbe11",
      "file": true,
      "replaced": "link:../zod-prisma-types/packages/generator"
    },
    "@anatine/zod-openapi": {
      "signature": "ca2ad9e98cdf386d39f4dbce6a2cac40",
      "file": true
    }
  }
}